
Microsoft Visual Studio Solution File, Format Version 12.00
# Visual Studio Version 17
VisualStudioVersion = 17.5.33502.453
MinimumVisualStudioVersion = 10.0.40219.1
Project("{FAE04EC0-301F-11D3-BF4B-00C04F79EFBC}") = "therd", "therd\therd.csproj", "{122605B1-79B7-4EDA-9E2C-16BC5276D63A}"
EndProject
Global
	GlobalSection(SolutionConfigurationPlatforms) = preSolution
		Debug|Any CPU = Debug|Any CPU
		Release|Any CPU = Release|Any CPU
	EndGlobalSection
	GlobalSection(ProjectConfigurationPlatforms) = postSolution
		{122605B1-79B7-4EDA-9E2C-16BC5276D63A}.Debug|Any CPU.ActiveCfg = Debug|Any CPU
		{122605B1-79B7-4EDA-9E2C-16BC5276D63A}.Debug|Any CPU.Build.0 = Debug|Any CPU
		{122605B1-79B7-4EDA-9E2C-16BC5276D63A}.Release|Any CPU.ActiveCfg = Release|Any CPU
		{122605B1-79B7-4EDA-9E2C-16BC5276D63A}.Release|Any CPU.Build.0 = Release|Any CPU
	EndGlobalSection
	GlobalSection(SolutionProperties) = preSolution
		HideSolutionNode = FALSE
	EndGlobalSection
	GlobalSection(ExtensibilityGlobals) = postSolution
		SolutionGuid = {8A762E78-E41E-4241-A997-E39FBD070B02}
	EndGlobalSection
EndGlobal
